// !$*UTF8*$!
{
	archiveVersion = 1;
	classes = {
	};
	objectVersion = 50;
	objects = {

/* Begin PBXBuildFile section */
		71287645245872D200BF0D75 /* AppDelegate.swift in Sources */ = {isa = PBXBuildFile; fileRef = 71287644245872D200BF0D75 /* AppDelegate.swift */; };
		71287649245872D200BF0D75 /* CharacterListController.swift in Sources */ = {isa = PBXBuildFile; fileRef = 71287648245872D200BF0D75 /* CharacterListController.swift */; };
		7128764E245872D900BF0D75 /* Assets.xcassets in Resources */ = {isa = PBXBuildFile; fileRef = 7128764D245872D900BF0D75 /* Assets.xcassets */; };
		71287651245872D900BF0D75 /* LaunchScreen.storyboard in Resources */ = {isa = PBXBuildFile; fileRef = 7128764F245872D900BF0D75 /* LaunchScreen.storyboard */; };
		7128765C245872D900BF0D75 /* ios_swift_view_codeTests.swift in Sources */ = {isa = PBXBuildFile; fileRef = 7128765B245872D900BF0D75 /* ios_swift_view_codeTests.swift */; };
/* End PBXBuildFile section */

/* Begin PBXContainerItemProxy section */
		71287658245872D900BF0D75 /* PBXContainerItemProxy */ = {
			isa = PBXContainerItemProxy;
			containerPortal = 71287639245872D200BF0D75 /* Project object */;
			proxyType = 1;
			remoteGlobalIDString = 71287640245872D200BF0D75;
			remoteInfo = "ios-swift-view-code";
		};
/* End PBXContainerItemProxy section */

/* Begin PBXFileReference section */
		71287641245872D200BF0D75 /* ios-swift-view-code.app */ = {isa = PBXFileReference; explicitFileType = wrapper.application; includeInIndex = 0; path = "ios-swift-view-code.app"; sourceTree = BUILT_PRODUCTS_DIR; };
		71287644245872D200BF0D75 /* AppDelegate.swift */ = {isa = PBXFileReference; lastKnownFileType = sourcecode.swift; path = AppDelegate.swift; sourceTree = "<group>"; };
		71287648245872D200BF0D75 /* CharacterListController.swift */ = {isa = PBXFileReference; lastKnownFileType = sourcecode.swift; path = CharacterListController.swift; sourceTree = "<group>"; };
		7128764D245872D900BF0D75 /* Assets.xcassets */ = {isa = PBXFileReference; lastKnownFileType = folder.assetcatalog; path = Assets.xcassets; sourceTree = "<group>"; };
		71287650245872D900BF0D75 /* Base */ = {isa = PBXFileReference; lastKnownFileType = file.storyboard; name = Base; path = Base.lproj/LaunchScreen.storyboard; sourceTree = "<group>"; };
		71287652245872D900BF0D75 /* Info.plist */ = {isa = PBXFileReference; lastKnownFileType = text.plist.xml; path = Info.plist; sourceTree = "<group>"; };
		71287657245872D900BF0D75 /* ios-swift-view-codeTests.xctest */ = {isa = PBXFileReference; explicitFileType = wrapper.cfbundle; includeInIndex = 0; path = "ios-swift-view-codeTests.xctest"; sourceTree = BUILT_PRODUCTS_DIR; };
		7128765B245872D900BF0D75 /* ios_swift_view_codeTests.swift */ = {isa = PBXFileReference; lastKnownFileType = sourcecode.swift; path = ios_swift_view_codeTests.swift; sourceTree = "<group>"; };
		7128765D245872D900BF0D75 /* Info.plist */ = {isa = PBXFileReference; lastKnownFileType = text.plist.xml; path = Info.plist; sourceTree = "<group>"; };
/* End PBXFileReference section */

/* Begin PBXFrameworksBuildPhase section */
		7128763E245872D200BF0D75 /* Frameworks */ = {
			isa = PBXFrameworksBuildPhase;
			buildActionMask = 2147483647;
			files = (
			);
			runOnlyForDeploymentPostprocessing = 0;
		};
		71287654245872D900BF0D75 /* Frameworks */ = {
			isa = PBXFrameworksBuildPhase;
			buildActionMask = 2147483647;
			files = (
			);
			runOnlyForDeploymentPostprocessing = 0;
		};
/* End PBXFrameworksBuildPhase section */

/* Begin PBXGroup section */
		71287638245872D200BF0D75 = {
			isa = PBXGroup;
			children = (
				71287643245872D200BF0D75 /* ios-swift-view-code */,
				7128765A245872D900BF0D75 /* ios-swift-view-codeTests */,
				71287642245872D200BF0D75 /* Products */,
			);
			sourceTree = "<group>";
		};
		71287642245872D200BF0D75 /* Products */ = {
			isa = PBXGroup;
			children = (
				71287641245872D200BF0D75 /* ios-swift-view-code.app */,
				71287657245872D900BF0D75 /* ios-swift-view-codeTests.xctest */,
			);
			name = Products;
			sourceTree = "<group>";
		};
		71287643245872D200BF0D75 /* ios-swift-view-code */ = {
			isa = PBXGroup;
			children = (
				71287644245872D200BF0D75 /* AppDelegate.swift */,
				71287648245872D200BF0D75 /* CharacterListController.swift */,
				7128764D245872D900BF0D75 /* Assets.xcassets */,
				7128764F245872D900BF0D75 /* LaunchScreen.storyboard */,
				71287652245872D900BF0D75 /* Info.plist */,
			);
			path = "ios-swift-view-code";
			sourceTree = "<group>";
		};
		7128765A245872D900BF0D75 /* ios-swift-view-codeTests */ = {
			isa = PBXGroup;
			children = (
				7128765B245872D900BF0D75 /* ios_swift_view_codeTests.swift */,
				7128765D245872D900BF0D75 /* Info.plist */,
			);
			path = "ios-swift-view-codeTests";
			sourceTree = "<group>";
		};
/* End PBXGroup section */

/* Begin PBXNativeTarget section */
		71287640245872D200BF0D75 /* ios-swift-view-code */ = {
			isa = PBXNativeTarget;
			buildConfigurationList = 71287660245872D900BF0D75 /* Build configuration list for PBXNativeTarget "ios-swift-view-code" */;
			buildPhases = (
				7128763D245872D200BF0D75 /* Sources */,
				7128763E245872D200BF0D75 /* Frameworks */,
				7128763F245872D200BF0D75 /* Resources */,
			);
			buildRules = (
			);
			dependencies = (
			);
			name = "ios-swift-view-code";
			productName = "ios-swift-view-code";
			productReference = 71287641245872D200BF0D75 /* ios-swift-view-code.app */;
			productType = "com.apple.product-type.application";
		};
		71287656245872D900BF0D75 /* ios-swift-view-codeTests */ = {
			isa = PBXNativeTarget;
			buildConfigurationList = 71287663245872D900BF0D75 /* Build configuration list for PBXNativeTarget "ios-swift-view-codeTests" */;
			buildPhases = (
				71287653245872D900BF0D75 /* Sources */,
				71287654245872D900BF0D75 /* Frameworks */,
				71287655245872D900BF0D75 /* Resources */,
			);
			buildRules = (
			);
			dependencies = (
				71287659245872D900BF0D75 /* PBXTargetDependency */,
			);
			name = "ios-swift-view-codeTests";
			productName = "ios-swift-view-codeTests";
			productReference = 71287657245872D900BF0D75 /* ios-swift-view-codeTests.xctest */;
			productType = "com.apple.product-type.bundle.unit-test";
		};
/* End PBXNativeTarget section */

/* Begin PBXProject section */
		71287639245872D200BF0D75 /* Project object */ = {
			isa = PBXProject;
			attributes = {
				LastSwiftUpdateCheck = 1130;
				LastUpgradeCheck = 1130;
				ORGANIZATIONNAME = "Danilo Pena";
				TargetAttributes = {
					71287640245872D200BF0D75 = {
						CreatedOnToolsVersion = 11.3.1;
					};
					71287656245872D900BF0D75 = {
						CreatedOnToolsVersion = 11.3.1;
						TestTargetID = 71287640245872D200BF0D75;
					};
				};
			};
			buildConfigurationList = 7128763C245872D200BF0D75 /* Build configuration list for PBXProject "ios-swift-view-code" */;
			compatibilityVersion = "Xcode 9.3";
			developmentRegion = en;
			hasScannedForEncodings = 0;
			knownRegions = (
				en,
				Base,
			);
			mainGroup = 71287638245872D200BF0D75;
			productRefGroup = 71287642245872D200BF0D75 /* Products */;
			projectDirPath = "";
			projectRoot = "";
			targets = (
				71287640245872D200BF0D75 /* ios-swift-view-code */,
				71287656245872D900BF0D75 /* ios-swift-view-codeTests */,
			);
		};
/* End PBXProject section */

/* Begin PBXResourcesBuildPhase section */
		7128763F245872D200BF0D75 /* Resources */ = {
			isa = PBXResourcesBuildPhase;
			buildActionMask = 2147483647;
			files = (
				71287651245872D900BF0D75 /* LaunchScreen.storyboard in Resources */,
				7128764E245872D900BF0D75 /* Assets.xcassets in Resources */,
			);
			runOnlyForDeploymentPostprocessing = 0;
		};
		71287655245872D900BF0D75 /* Resources */ = {
			isa = PBXResourcesBuildPhase;
			buildActionMask = 2147483647;
			files = (
			);
			runOnlyForDeploymentPostprocessing = 0;
		};
/* End PBXResourcesBuildPhase section */

/* Begin PBXSourcesBuildPhase section */
		7128763D245872D200BF0D75 /* Sources */ = {
			isa = PBXSourcesBuildPhase;
			buildActionMask = 2147483647;
			files = (
				71287649245872D200BF0D75 /* CharacterListController.swift in Sources */,
				71287645245872D200BF0D75 /* AppDelegate.swift in Sources */,
			);
			runOnlyForDeploymentPostprocessing = 0;
		};
		71287653245872D900BF0D75 /* Sources */ = {
			isa = PBXSourcesBuildPhase;
			buildActionMask = 2147483647;
			files = (
				7128765C245872D900BF0D75 /* ios_swift_view_codeTests.swift in Sources */,
			);
			runOnlyForDeploymentPostprocessing = 0;
		};
/* End PBXSourcesBuildPhase section */

/* Begin PBXTargetDependency section */
		71287659245872D900BF0D75 /* PBXTargetDependency */ = {
			isa = PBXTargetDependency;
			target = 71287640245872D200BF0D75 /* ios-swift-view-code */;
			targetProxy = 71287658245872D900BF0D75 /* PBXContainerItemProxy */;
		};
/* End PBXTargetDependency section */

/* Begin PBXVariantGroup section */
		7128764F245872D900BF0D75 /* LaunchScreen.storyboard */ = {
			isa = PBXVariantGroup;
			children = (
				71287650245872D900BF0D75 /* Base */,
			);
			name = LaunchScreen.storyboard;
			sourceTree = "<group>";
		};
/* End PBXVariantGroup section */

/* Begin XCBuildConfiguration section */
		7128765E245872D900BF0D75 /* Debug */ = {
			isa = XCBuildConfiguration;
			buildSettings = {
				ALWAYS_SEARCH_USER_PATHS = NO;
				CLANG_ANALYZER_NONNULL = YES;
				CLANG_ANALYZER_NUMBER_OBJECT_CONVERSION = YES_AGGRESSIVE;
				CLANG_CXX_LANGUAGE_STANDARD = "gnu++14";
				CLANG_CXX_LIBRARY = "libc++";
				CLANG_ENABLE_MODULES = YES;
				CLANG_ENABLE_OBJC_ARC = YES;
				CLANG_ENABLE_OBJC_WEAK = YES;
				CLANG_WARN_BLOCK_CAPTURE_AUTORELEASING = YES;
				CLANG_WARN_BOOL_CONVERSION = YES;
				CLANG_WARN_COMMA = YES;
				CLANG_WARN_CONSTANT_CONVERSION = YES;
				CLANG_WARN_DEPRECATED_OBJC_IMPLEMENTATIONS = YES;
				CLANG_WARN_DIRECT_OBJC_ISA_USAGE = YES_ERROR;
				CLANG_WARN_DOCUMENTATION_COMMENTS = YES;
				CLANG_WARN_EMPTY_BODY = YES;
				CLANG_WARN_ENUM_CONVERSION = YES;
				CLANG_WARN_INFINITE_RECURSION = YES;
				CLANG_WARN_INT_CONVERSION = YES;
				CLANG_WARN_NON_LITERAL_NULL_CONVERSION = YES;
				CLANG_WARN_OBJC_IMPLICIT_RETAIN_SELF = YES;
				CLANG_WARN_OBJC_LITERAL_CONVERSION = YES;
				CLANG_WARN_OBJC_ROOT_CLASS = YES_ERROR;
				CLANG_WARN_RANGE_LOOP_ANALYSIS = YES;
				CLANG_WARN_STRICT_PROTOTYPES = YES;
				CLANG_WARN_SUSPICIOUS_MOVE = YES;
				CLANG_WARN_UNGUARDED_AVAILABILITY = YES_AGGRESSIVE;
				CLANG_WARN_UNREACHABLE_CODE = YES;
				CLANG_WARN__DUPLICATE_METHOD_MATCH = YES;
				COPY_PHASE_STRIP = NO;
				DEBUG_INFORMATION_FORMAT = dwarf;
				ENABLE_STRICT_OBJC_MSGSEND = YES;
				ENABLE_TESTABILITY = YES;
				GCC_C_LANGUAGE_STANDARD = gnu11;
				GCC_DYNAMIC_NO_PIC = NO;
				GCC_NO_COMMON_BLOCKS = YES;
				GCC_OPTIMIZATION_LEVEL = 0;
				GCC_PREPROCESSOR_DEFINITIONS = (
					"DEBUG=1",
					"$(inherited)",
				);
				GCC_WARN_64_TO_32_BIT_CONVERSION = YES;
				GCC_WARN_ABOUT_RETURN_TYPE = YES_ERROR;
				GCC_WARN_UNDECLARED_SELECTOR = YES;
				GCC_WARN_UNINITIALIZED_AUTOS = YES_AGGRESSIVE;
				GCC_WARN_UNUSED_FUNCTION = YES;
				GCC_WARN_UNUSED_VARIABLE = YES;
				IPHONEOS_DEPLOYMENT_TARGET = 11.0;
				MTL_ENABLE_DEBUG_INFO = INCLUDE_SOURCE;
				MTL_FAST_MATH = YES;
				ONLY_ACTIVE_ARCH = YES;
				SDKROOT = iphoneos;
				SWIFT_ACTIVE_COMPILATION_CONDITIONS = DEBUG;
				SWIFT_OPTIMIZATION_LEVEL = "-Onone";
			};
			name = Debug;
		};
		7128765F245872D900BF0D75 /* Release */ = {
			isa = XCBuildConfiguration;
			buildSettings = {
				ALWAYS_SEARCH_USER_PATHS = NO;
				CLANG_ANALYZER_NONNULL = YES;
				CLANG_ANALYZER_NUMBER_OBJECT_CONVERSION = YES_AGGRESSIVE;
				CLANG_CXX_LANGUAGE_STANDARD = "gnu++14";
				CLANG_CXX_LIBRARY = "libc++";
				CLANG_ENABLE_MODULES = YES;
				CLANG_ENABLE_OBJC_ARC = YES;
				CLANG_ENABLE_OBJC_WEAK = YES;
				CLANG_WARN_BLOCK_CAPTURE_AUTORELEASING = YES;
				CLANG_WARN_BOOL_CONVERSION = YES;
				CLANG_WARN_COMMA = YES;
				CLANG_WARN_CONSTANT_CONVERSION = YES;
				CLANG_WARN_DEPRECATED_OBJC_IMPLEMENTATIONS = YES;
				CLANG_WARN_DIRECT_OBJC_ISA_USAGE = YES_ERROR;
				CLANG_WARN_DOCUMENTATION_COMMENTS = YES;
				CLANG_WARN_EMPTY_BODY = YES;
				CLANG_WARN_ENUM_CONVERSION = YES;
				CLANG_WARN_INFINITE_RECURSION = YES;
				CLANG_WARN_INT_CONVERSION = YES;
				CLANG_WARN_NON_LITERAL_NULL_CONVERSION = YES;
				CLANG_WARN_OBJC_IMPLICIT_RETAIN_SELF = YES;
				CLANG_WARN_OBJC_LITERAL_CONVERSION = YES;
				CLANG_WARN_OBJC_ROOT_CLASS = YES_ERROR;
				CLANG_WARN_RANGE_LOOP_ANALYSIS = YES;
				CLANG_WARN_STRICT_PROTOTYPES = YES;
				CLANG_WARN_SUSPICIOUS_MOVE = YES;
				CLANG_WARN_UNGUARDED_AVAILABILITY = YES_AGGRESSIVE;
				CLANG_WARN_UNREACHABLE_CODE = YES;
				CLANG_WARN__DUPLICATE_METHOD_MATCH = YES;
				COPY_PHASE_STRIP = NO;
				DEBUG_INFORMATION_FORMAT = "dwarf-with-dsym";
				ENABLE_NS_ASSERTIONS = NO;
				ENABLE_STRICT_OBJC_MSGSEND = YES;
				GCC_C_LANGUAGE_STANDARD = gnu11;
				GCC_NO_COMMON_BLOCKS = YES;
				GCC_WARN_64_TO_32_BIT_CONVERSION = YES;
				GCC_WARN_ABOUT_RETURN_TYPE = YES_ERROR;
				GCC_WARN_UNDECLARED_SELECTOR = YES;
				GCC_WARN_UNINITIALIZED_AUTOS = YES_AGGRESSIVE;
				GCC_WARN_UNUSED_FUNCTION = YES;
				GCC_WARN_UNUSED_VARIABLE = YES;
				IPHONEOS_DEPLOYMENT_TARGET = 11.0;
				MTL_ENABLE_DEBUG_INFO = NO;
				MTL_FAST_MATH = YES;
				SDKROOT = iphoneos;
				SWIFT_COMPILATION_MODE = wholemodule;
				SWIFT_OPTIMIZATION_LEVEL = "-O";
				VALIDATE_PRODUCT = YES;
			};
			name = Release;
		};
		71287661245872D900BF0D75 /* Debug */ = {
			isa = XCBuildConfiguration;
			buildSettings = {
				ASSETCATALOG_COMPILER_APPICON_NAME = AppIcon;
				CODE_SIGN_STYLE = Automatic;
				DEVELOPMENT_TEAM = 276P444683;
				INFOPLIST_FILE = "ios-swift-view-code/Info.plist";
				LD_RUNPATH_SEARCH_PATHS = (
					"$(inherited)",
					"@executable_path/Frameworks",
				);
				PRODUCT_BUNDLE_IDENTIFIER = "br.com.danilopena.ios-swift-view-code";
				PRODUCT_NAME = "$(TARGET_NAME)";
				SWIFT_VERSION = 5.0;
				TARGETED_DEVICE_FAMILY = "1,2";
			};
			name = Debug;
		};
		71287662245872D900BF0D75 /* Release */ = {
			isa = XCBuildConfiguration;
			buildSettings = {
				ASSETCATALOG_COMPILER_APPICON_NAME = AppIcon;
				CODE_SIGN_STYLE = Automatic;
				DEVELOPMENT_TEAM = 276P444683;
				INFOPLIST_FILE = "ios-swift-view-code/Info.plist";
				LD_RUNPATH_SEARCH_PATHS = (
					"$(inherited)",
					"@executable_path/Frameworks",
				);
				PRODUCT_BUNDLE_IDENTIFIER = "br.com.danilopena.ios-swift-view-code";
				PRODUCT_NAME = "$(TARGET_NAME)";
				SWIFT_VERSION = 5.0;
				TARGETED_DEVICE_FAMILY = "1,2";
			};
			name = Release;
		};
		71287664245872D900BF0D75 /* Debug */ = {
			isa = XCBuildConfiguration;
			buildSettings = {
				ALWAYS_EMBED_SWIFT_STANDARD_LIBRARIES = YES;
				BUNDLE_LOADER = "$(TEST_HOST)";
				CODE_SIGN_STYLE = Automatic;
				DEVELOPMENT_TEAM = 276P444683;
				INFOPLIST_FILE = "ios-swift-view-codeTests/Info.plist";
				IPHONEOS_DEPLOYMENT_TARGET = 13.2;
				LD_RUNPATH_SEARCH_PATHS = (
					"$(inherited)",
					"@executable_path/Frameworks",
					"@loader_path/Frameworks",
				);
				PRODUCT_BUNDLE_IDENTIFIER = "br.com.danilopena.ios-swift-view-codeTests";
				PRODUCT_NAME = "$(TARGET_NAME)";
				SWIFT_VERSION = 5.0;
				TARGETED_DEVICE_FAMILY = "1,2";
				TEST_HOST = "$(BUILT_PRODUCTS_DIR)/ios-swift-view-code.app/ios-swift-view-code";
			};
			name = Debug;
		};
		71287665245872D900BF0D75 /* Release */ = {
			isa = XCBuildConfiguration;
			buildSettings = {
				ALWAYS_EMBED_SWIFT_STANDARD_LIBRARIES = YES;
				BUNDLE_LOADER = "$(TEST_HOST)";
				CODE_SIGN_STYLE = Automatic;
				DEVELOPMENT_TEAM = 276P444683;
				INFOPLIST_FILE = "ios-swift-view-codeTests/Info.plist";
				IPHONEOS_DEPLOYMENT_TARGET = 13.2;
				LD_RUNPATH_SEARCH_PATHS = (
					"$(inherited)",
					"@executable_path/Frameworks",
					"@loader_path/Frameworks",
				);
				PRODUCT_BUNDLE_IDENTIFIER = "br.com.danilopena.ios-swift-view-codeTests";
				PRODUCT_NAME = "$(TARGET_NAME)";
				SWIFT_VERSION = 5.0;
				TARGETED_DEVICE_FAMILY = "1,2";
				TEST_HOST = "$(BUILT_PRODUCTS_DIR)/ios-swift-view-code.app/ios-swift-view-code";
			};
			name = Release;
		};
/* End XCBuildConfiguration section */

/* Begin XCConfigurationList section */
		7128763C245872D200BF0D75 /* Build configuration list for PBXProject "ios-swift-view-code" */ = {
			isa = XCConfigurationList;
			buildConfigurations = (
				7128765E245872D900BF0D75 /* Debug */,
				7128765F245872D900BF0D75 /* Release */,
			);
			defaultConfigurationIsVisible = 0;
			defaultConfigurationName = Release;
		};
		71287660245872D900BF0D75 /* Build configuration list for PBXNativeTarget "ios-swift-view-code" */ = {
			isa = XCConfigurationList;
			buildConfigurations = (
				71287661245872D900BF0D75 /* Debug */,
				71287662245872D900BF0D75 /* Release */,
			);
			defaultConfigurationIsVisible = 0;
			defaultConfigurationName = Release;
		};
		71287663245872D900BF0D75 /* Build configuration list for PBXNativeTarget "ios-swift-view-codeTests" */ = {
			isa = XCConfigurationList;
			buildConfigurations = (
				71287664245872D900BF0D75 /* Debug */,
				71287665245872D900BF0D75 /* Release */,
			);
			defaultConfigurationIsVisible = 0;
			defaultConfigurationName = Release;
		};
/* End XCConfigurationList section */
	};
	rootObject = 71287639245872D200BF0D75 /* Project object */;
}
